
Microsoft Visual Studio Solution File, Format Version 12.00
# Visual Studio 15
VisualStudioVersion = 15.0.27428.2011
MinimumVisualStudioVersion = 10.0.40219.1
Project("{FAE04EC0-301F-11D3-BF4B-00C04F79EFBC}") = "MvcPagedList", "MvcPagedList\MvcPagedList.csproj", "{D53E298B-4896-4C2E-BEBD-005D9E1B2249}"
EndProject
Project("{FAE04EC0-301F-11D3-BF4B-00C04F79EFBC}") = "MvcPagedList.Tests", "MvcPagedList.Tests\MvcPagedList.Tests.csproj", "{1BC8D25A-CB28-4827-A1D7-211D8AE46D3F}"
EndProject
Global
	GlobalSection(SolutionConfigurationPlatforms) = preSolution
		Debug|Any CPU = Debug|Any CPU
		Release|Any CPU = Release|Any CPU
	EndGlobalSection
	GlobalSection(ProjectConfigurationPlatforms) = postSolution
		{D53E298B-4896-4C2E-BEBD-005D9E1B2249}.Debug|Any CPU.ActiveCfg = Debug|Any CPU
		{D53E298B-4896-4C2E-BEBD-005D9E1B2249}.Debug|Any CPU.Build.0 = Debug|Any CPU
		{D53E298B-4896-4C2E-BEBD-005D9E1B2249}.Release|Any CPU.ActiveCfg = Release|Any CPU
		{D53E298B-4896-4C2E-BEBD-005D9E1B2249}.Release|Any CPU.Build.0 = Release|Any CPU
		{1BC8D25A-CB28-4827-A1D7-211D8AE46D3F}.Debug|Any CPU.ActiveCfg = Debug|Any CPU
		{1BC8D25A-CB28-4827-A1D7-211D8AE46D3F}.Debug|Any CPU.Build.0 = Debug|Any CPU
		{1BC8D25A-CB28-4827-A1D7-211D8AE46D3F}.Release|Any CPU.ActiveCfg = Release|Any CPU
		{1BC8D25A-CB28-4827-A1D7-211D8AE46D3F}.Release|Any CPU.Build.0 = Release|Any CPU
	EndGlobalSection
	GlobalSection(SolutionProperties) = preSolution
		HideSolutionNode = FALSE
	EndGlobalSection
	GlobalSection(ExtensibilityGlobals) = postSolution
		SolutionGuid = {C60F201A-5DA7-49BE-8148-1F680D3B603C}
	EndGlobalSection
EndGlobal
